// !$*UTF8*$!
{
	archiveVersion = 1;
	classes = {
	};
	objectVersion = 46;
	objects = {

/* Begin PBXBuildFile section */
		FA245ACC1D936ABE00073DB7 /* main.m in Sources */ = {isa = PBXBuildFile; fileRef = FA245ACB1D936ABE00073DB7 /* main.m */; };
		FA245AD41D936AE600073DB7 /* ComponentWidget.m in Sources */ = {isa = PBXBuildFile; fileRef = FA245AD31D936AE600073DB7 /* ComponentWidget.m */; };
		FA245AD71D936B5B00073DB7 /* WidgetDecorator.m in Sources */ = {isa = PBXBuildFile; fileRef = FA245AD61D936B5B00073DB7 /* WidgetDecorator.m */; };
		FA245ADA1D936BB000073DB7 /* ConcreteDecoratorLabeled.m in Sources */ = {isa = PBXBuildFile; fileRef = FA245AD91D936BB000073DB7 /* ConcreteDecoratorLabeled.m */; };
/* End PBXBuildFile section */

/* Begin PBXCopyFilesBuildPhase section */
		FA245AC61D936ABE00073DB7 /* CopyFiles */ = {
			isa = PBXCopyFilesBuildPhase;
			buildActionMask = 2147483647;
			dstPath = /usr/share/man/man1/;
			dstSubfolderSpec = 0;
			files = (
			);
			runOnlyForDeploymentPostprocessing = 1;
		};
/* End PBXCopyFilesBuildPhase section */

/* Begin PBXFileReference section */
		FA245AC81D936ABE00073DB7 /* Decorator */ = {isa = PBXFileReference; explicitFileType = "compiled.mach-o.executable"; includeInIndex = 0; path = Decorator; sourceTree = BUILT_PRODUCTS_DIR; };
		FA245ACB1D936ABE00073DB7 /* main.m */ = {isa = PBXFileReference; lastKnownFileType = sourcecode.c.objc; path = main.m; sourceTree = "<group>"; };
		FA245AD21D936AE600073DB7 /* ComponentWidget.h */ = {isa = PBXFileReference; fileEncoding = 4; lastKnownFileType = sourcecode.c.h; path = ComponentWidget.h; sourceTree = "<group>"; };
		FA245AD31D936AE600073DB7 /* ComponentWidget.m */ = {isa = PBXFileReference; fileEncoding = 4; lastKnownFileType = sourcecode.c.objc; path = ComponentWidget.m; sourceTree = "<group>"; };
		FA245AD51D936B5B00073DB7 /* WidgetDecorator.h */ = {isa = PBXFileReference; fileEncoding = 4; lastKnownFileType = sourcecode.c.h; path = WidgetDecorator.h; sourceTree = "<group>"; };
		FA245AD61D936B5B00073DB7 /* WidgetDecorator.m */ = {isa = PBXFileReference; fileEncoding = 4; lastKnownFileType = sourcecode.c.objc; path = WidgetDecorator.m; sourceTree = "<group>"; };
		FA245AD81D936BB000073DB7 /* ConcreteDecoratorLabeled.h */ = {isa = PBXFileReference; fileEncoding = 4; lastKnownFileType = sourcecode.c.h; path = ConcreteDecoratorLabeled.h; sourceTree = "<group>"; };
		FA245AD91D936BB000073DB7 /* ConcreteDecoratorLabeled.m */ = {isa = PBXFileReference; fileEncoding = 4; lastKnownFileType = sourcecode.c.objc; path = ConcreteDecoratorLabeled.m; sourceTree = "<group>"; };
/* End PBXFileReference section */

/* Begin PBXFrameworksBuildPhase section */
		FA245AC51D936ABE00073DB7 /* Frameworks */ = {
			isa = PBXFrameworksBuildPhase;
			buildActionMask = 2147483647;
			files = (
			);
			runOnlyForDeploymentPostprocessing = 0;
		};
/* End PBXFrameworksBuildPhase section */

/* Begin PBXGroup section */
		FA245ABF1D936ABE00073DB7 = {
			isa = PBXGroup;
			children = (
				FA245ACA1D936ABE00073DB7 /* Decorator */,
				FA245AC91D936ABE00073DB7 /* Products */,
			);
			sourceTree = "<group>";
		};
		FA245AC91D936ABE00073DB7 /* Products */ = {
			isa = PBXGroup;
			children = (
				FA245AC81D936ABE00073DB7 /* Decorator */,
			);
			name = Products;
			sourceTree = "<group>";
		};
		FA245ACA1D936ABE00073DB7 /* Decorator */ = {
			isa = PBXGroup;
			children = (
				FA245ACB1D936ABE00073DB7 /* main.m */,
				FA245AD21D936AE600073DB7 /* ComponentWidget.h */,
				FA245AD31D936AE600073DB7 /* ComponentWidget.m */,
				FA245AD51D936B5B00073DB7 /* WidgetDecorator.h */,
				FA245AD61D936B5B00073DB7 /* WidgetDecorator.m */,
				FA245AD81D936BB000073DB7 /* ConcreteDecoratorLabeled.h */,
				FA245AD91D936BB000073DB7 /* ConcreteDecoratorLabeled.m */,
			);
			path = Decorator;
			sourceTree = "<group>";
		};
/* End PBXGroup section */

/* Begin PBXNativeTarget section */
		FA245AC71D936ABE00073DB7 /* Decorator */ = {
			isa = PBXNativeTarget;
			buildConfigurationList = FA245ACF1D936ABE00073DB7 /* Build configuration list for PBXNativeTarget "Decorator" */;
			buildPhases = (
				FA245AC41D936ABE00073DB7 /* Sources */,
				FA245AC51D936ABE00073DB7 /* Frameworks */,
				FA245AC61D936ABE00073DB7 /* CopyFiles */,
			);
			buildRules = (
			);
			dependencies = (
			);
			name = Decorator;
			productName = Decorator;
			productReference = FA245AC81D936ABE00073DB7 /* Decorator */;
			productType = "com.apple.product-type.tool";
		};
/* End PBXNativeTarget section */

/* Begin PBXProject section */
		FA245AC01D936ABE00073DB7 /* Project object */ = {
			isa = PBXProject;
			attributes = {
				LastUpgradeCheck = 0730;
				ORGANIZATIONNAME = Alex;
				TargetAttributes = {
					FA245AC71D936ABE00073DB7 = {
						CreatedOnToolsVersion = 7.3.1;
					};
				};
			};
			buildConfigurationList = FA245AC31D936ABE00073DB7 /* Build configuration list for PBXProject "Decorator" */;
			compatibilityVersion = "Xcode 3.2";
			developmentRegion = English;
			hasScannedForEncodings = 0;
			knownRegions = (
				en,
			);
			mainGroup = FA245ABF1D936ABE00073DB7;
			productRefGroup = FA245AC91D936ABE00073DB7 /* Products */;
			projectDirPath = "";
			projectRoot = "";
			targets = (
				FA245AC71D936ABE00073DB7 /* Decorator */,
			);
		};
/* End PBXProject section */

/* Begin PBXSourcesBuildPhase section */
		FA245AC41D936ABE00073DB7 /* Sources */ = {
			isa = PBXSourcesBuildPhase;
			buildActionMask = 2147483647;
			files = (
				FA245ADA1D936BB000073DB7 /* ConcreteDecoratorLabeled.m in Sources */,
				FA245ACC1D936ABE00073DB7 /* main.m in Sources */,
				FA245AD41D936AE600073DB7 /* ComponentWidget.m in Sources */,
				FA245AD71D936B5B00073DB7 /* WidgetDecorator.m in Sources */,
			);
			runOnlyForDeploymentPostprocessing = 0;
		};
/* End PBXSourcesBuildPhase section */

/* Begin XCBuildConfiguration section */
		FA245ACD1D936ABE00073DB7 /* Debug */ = {
			isa = XCBuildConfiguration;
			buildSettings = {
				ALWAYS_SEARCH_USER_PATHS = NO;
				CLANG_ANALYZER_NONNULL = YES;
				CLANG_CXX_LANGUAGE_STANDARD = "gnu++0x";
				CLANG_CXX_LIBRARY = "libc++";
				CLANG_ENABLE_MODULES = YES;
				CLANG_ENABLE_OBJC_ARC = YES;
				CLANG_WARN_BOOL_CONVERSION = YES;
				CLANG_WARN_CONSTANT_CONVERSION = YES;
				CLANG_WARN_DIRECT_OBJC_ISA_USAGE = YES_ERROR;
				CLANG_WARN_EMPTY_BODY = YES;
				CLANG_WARN_ENUM_CONVERSION = YES;
				CLANG_WARN_INT_CONVERSION = YES;
				CLANG_WARN_OBJC_ROOT_CLASS = YES_ERROR;
				CLANG_WARN_UNREACHABLE_CODE = YES;
				CLANG_WARN__DUPLICATE_METHOD_MATCH = YES;
				CODE_SIGN_IDENTITY = "-";
				COPY_PHASE_STRIP = NO;
				DEBUG_INFORMATION_FORMAT = dwarf;
				ENABLE_STRICT_OBJC_MSGSEND = YES;
				ENABLE_TESTABILITY = YES;
				GCC_C_LANGUAGE_STANDARD = gnu99;
				GCC_DYNAMIC_NO_PIC = NO;
				GCC_NO_COMMON_BLOCKS = YES;
				GCC_OPTIMIZATION_LEVEL = 0;
				GCC_PREPROCESSOR_DEFINITIONS = (
					"DEBUG=1",
					"$(inherited)",
				);
				GCC_WARN_64_TO_32_BIT_CONVERSION = YES;
				GCC_WARN_ABOUT_RETURN_TYPE = YES_ERROR;
				GCC_WARN_UNDECLARED_SELECTOR = YES;
				GCC_WARN_UNINITIALIZED_AUTOS = YES_AGGRESSIVE;
				GCC_WARN_UNUSED_FUNCTION = YES;
				GCC_WARN_UNUSED_VARIABLE = YES;
				MACOSX_DEPLOYMENT_TARGET = 10.11;
				MTL_ENABLE_DEBUG_INFO = YES;
				ONLY_ACTIVE_ARCH = YES;
				SDKROOT = macosx;
			};
			name = Debug;
		};
		FA245ACE1D936ABE00073DB7 /* Release */ = {
			isa = XCBuildConfiguration;
			buildSettings = {
				ALWAYS_SEARCH_USER_PATHS = NO;
				CLANG_ANALYZER_NONNULL = YES;
				CLANG_CXX_LANGUAGE_STANDARD = "gnu++0x";
				CLANG_CXX_LIBRARY = "libc++";
				CLANG_ENABLE_MODULES = YES;
				CLANG_ENABLE_OBJC_ARC = YES;
				CLANG_WARN_BOOL_CONVERSION = YES;
				CLANG_WARN_CONSTANT_CONVERSION = YES;
				CLANG_WARN_DIRECT_OBJC_ISA_USAGE = YES_ERROR;
				CLANG_WARN_EMPTY_BODY = YES;
				CLANG_WARN_ENUM_CONVERSION = YES;
				CLANG_WARN_INT_CONVERSION = YES;
				CLANG_WARN_OBJC_ROOT_CLASS = YES_ERROR;
				CLANG_WARN_UNREACHABLE_CODE = YES;
				CLANG_WARN__DUPLICATE_METHOD_MATCH = YES;
				CODE_SIGN_IDENTITY = "-";
				COPY_PHASE_STRIP = NO;
				DEBUG_INFORMATION_FORMAT = "dwarf-with-dsym";
				ENABLE_NS_ASSERTIONS = NO;
				ENABLE_STRICT_OBJC_MSGSEND = YES;
				GCC_C_LANGUAGE_STANDARD = gnu99;
				GCC_NO_COMMON_BLOCKS = YES;
				GCC_WARN_64_TO_32_BIT_CONVERSION = YES;
				GCC_WARN_ABOUT_RETURN_TYPE = YES_ERROR;
				GCC_WARN_UNDECLARED_SELECTOR = YES;
				GCC_WARN_UNINITIALIZED_AUTOS = YES_AGGRESSIVE;
				GCC_WARN_UNUSED_FUNCTION = YES;
				GCC_WARN_UNUSED_VARIABLE = YES;
				MACOSX_DEPLOYMENT_TARGET = 10.11;
				MTL_ENABLE_DEBUG_INFO = NO;
				SDKROOT = macosx;
			};
			name = Release;
		};
		FA245AD01D936ABE00073DB7 /* Debug */ = {
			isa = XCBuildConfiguration;
			buildSettings = {
				PRODUCT_NAME = "$(TARGET_NAME)";
			};
			name = Debug;
		};
		FA245AD11D936ABE00073DB7 /* Release */ = {
			isa = XCBuildConfiguration;
			buildSettings = {
				PRODUCT_NAME = "$(TARGET_NAME)";
			};
			name = Release;
		};
/* End XCBuildConfiguration section */

/* Begin XCConfigurationList section */
		FA245AC31D936ABE00073DB7 /* Build configuration list for PBXProject "Decorator" */ = {
			isa = XCConfigurationList;
			buildConfigurations = (
				FA245ACD1D936ABE00073DB7 /* Debug */,
				FA245ACE1D936ABE00073DB7 /* Release */,
			);
			defaultConfigurationIsVisible = 0;
			defaultConfigurationName = Release;
		};
		FA245ACF1D936ABE00073DB7 /* Build configuration list for PBXNativeTarget "Decorator" */ = {
			isa = XCConfigurationList;
			buildConfigurations = (
				FA245AD01D936ABE00073DB7 /* Debug */,
				FA245AD11D936ABE00073DB7 /* Release */,
			);
			defaultConfigurationIsVisible = 0;
		};
/* End XCConfigurationList section */
	};
	rootObject = FA245AC01D936ABE00073DB7 /* Project object */;
}
