// !$*UTF8*$!
{
	archiveVersion = 1;
	classes = {
	};
	objectVersion = 46;
	objects = {

/* Begin PBXBuildFile section */
		FADDEA151D98AB3A00C3C54A /* main.m in Sources */ = {isa = PBXBuildFile; fileRef = FADDEA141D98AB3A00C3C54A /* main.m */; };
		FADDEA1D1D98AB4C00C3C54A /* Flyweight.m in Sources */ = {isa = PBXBuildFile; fileRef = FADDEA1C1D98AB4C00C3C54A /* Flyweight.m */; };
		FADDEA201D98ABA500C3C54A /* ConcreateFlyweight.m in Sources */ = {isa = PBXBuildFile; fileRef = FADDEA1F1D98ABA500C3C54A /* ConcreateFlyweight.m */; };
		FADDEA231D98AC4200C3C54A /* FlyweightFactory.m in Sources */ = {isa = PBXBuildFile; fileRef = FADDEA221D98AC4200C3C54A /* FlyweightFactory.m */; };
		FADDEA261D98AFDC00C3C54A /* UnsharedConcreteFlyweight.m in Sources */ = {isa = PBXBuildFile; fileRef = FADDEA251D98AFDC00C3C54A /* UnsharedConcreteFlyweight.m */; };
/* End PBXBuildFile section */

/* Begin PBXCopyFilesBuildPhase section */
		FADDEA0F1D98AB3A00C3C54A /* CopyFiles */ = {
			isa = PBXCopyFilesBuildPhase;
			buildActionMask = 2147483647;
			dstPath = /usr/share/man/man1/;
			dstSubfolderSpec = 0;
			files = (
			);
			runOnlyForDeploymentPostprocessing = 1;
		};
/* End PBXCopyFilesBuildPhase section */

/* Begin PBXFileReference section */
		FADDEA111D98AB3A00C3C54A /* Flyweight */ = {isa = PBXFileReference; explicitFileType = "compiled.mach-o.executable"; includeInIndex = 0; path = Flyweight; sourceTree = BUILT_PRODUCTS_DIR; };
		FADDEA141D98AB3A00C3C54A /* main.m */ = {isa = PBXFileReference; lastKnownFileType = sourcecode.c.objc; path = main.m; sourceTree = "<group>"; };
		FADDEA1B1D98AB4C00C3C54A /* Flyweight.h */ = {isa = PBXFileReference; fileEncoding = 4; lastKnownFileType = sourcecode.c.h; path = Flyweight.h; sourceTree = "<group>"; };
		FADDEA1C1D98AB4C00C3C54A /* Flyweight.m */ = {isa = PBXFileReference; fileEncoding = 4; lastKnownFileType = sourcecode.c.objc; path = Flyweight.m; sourceTree = "<group>"; };
		FADDEA1E1D98ABA500C3C54A /* ConcreateFlyweight.h */ = {isa = PBXFileReference; fileEncoding = 4; lastKnownFileType = sourcecode.c.h; path = ConcreateFlyweight.h; sourceTree = "<group>"; };
		FADDEA1F1D98ABA500C3C54A /* ConcreateFlyweight.m */ = {isa = PBXFileReference; fileEncoding = 4; lastKnownFileType = sourcecode.c.objc; path = ConcreateFlyweight.m; sourceTree = "<group>"; };
		FADDEA211D98AC4200C3C54A /* FlyweightFactory.h */ = {isa = PBXFileReference; fileEncoding = 4; lastKnownFileType = sourcecode.c.h; path = FlyweightFactory.h; sourceTree = "<group>"; };
		FADDEA221D98AC4200C3C54A /* FlyweightFactory.m */ = {isa = PBXFileReference; fileEncoding = 4; lastKnownFileType = sourcecode.c.objc; path = FlyweightFactory.m; sourceTree = "<group>"; };
		FADDEA241D98AFDC00C3C54A /* UnsharedConcreteFlyweight.h */ = {isa = PBXFileReference; fileEncoding = 4; lastKnownFileType = sourcecode.c.h; path = UnsharedConcreteFlyweight.h; sourceTree = "<group>"; };
		FADDEA251D98AFDC00C3C54A /* UnsharedConcreteFlyweight.m */ = {isa = PBXFileReference; fileEncoding = 4; lastKnownFileType = sourcecode.c.objc; path = UnsharedConcreteFlyweight.m; sourceTree = "<group>"; };
/* End PBXFileReference section */

/* Begin PBXFrameworksBuildPhase section */
		FADDEA0E1D98AB3A00C3C54A /* Frameworks */ = {
			isa = PBXFrameworksBuildPhase;
			buildActionMask = 2147483647;
			files = (
			);
			runOnlyForDeploymentPostprocessing = 0;
		};
/* End PBXFrameworksBuildPhase section */

/* Begin PBXGroup section */
		FADDEA081D98AB3A00C3C54A = {
			isa = PBXGroup;
			children = (
				FADDEA131D98AB3A00C3C54A /* Flyweight */,
				FADDEA121D98AB3A00C3C54A /* Products */,
			);
			sourceTree = "<group>";
		};
		FADDEA121D98AB3A00C3C54A /* Products */ = {
			isa = PBXGroup;
			children = (
				FADDEA111D98AB3A00C3C54A /* Flyweight */,
			);
			name = Products;
			sourceTree = "<group>";
		};
		FADDEA131D98AB3A00C3C54A /* Flyweight */ = {
			isa = PBXGroup;
			children = (
				FADDEA141D98AB3A00C3C54A /* main.m */,
				FADDEA1B1D98AB4C00C3C54A /* Flyweight.h */,
				FADDEA1C1D98AB4C00C3C54A /* Flyweight.m */,
				FADDEA1E1D98ABA500C3C54A /* ConcreateFlyweight.h */,
				FADDEA1F1D98ABA500C3C54A /* ConcreateFlyweight.m */,
				FADDEA241D98AFDC00C3C54A /* UnsharedConcreteFlyweight.h */,
				FADDEA251D98AFDC00C3C54A /* UnsharedConcreteFlyweight.m */,
				FADDEA211D98AC4200C3C54A /* FlyweightFactory.h */,
				FADDEA221D98AC4200C3C54A /* FlyweightFactory.m */,
			);
			path = Flyweight;
			sourceTree = "<group>";
		};
/* End PBXGroup section */

/* Begin PBXNativeTarget section */
		FADDEA101D98AB3A00C3C54A /* Flyweight */ = {
			isa = PBXNativeTarget;
			buildConfigurationList = FADDEA181D98AB3A00C3C54A /* Build configuration list for PBXNativeTarget "Flyweight" */;
			buildPhases = (
				FADDEA0D1D98AB3A00C3C54A /* Sources */,
				FADDEA0E1D98AB3A00C3C54A /* Frameworks */,
				FADDEA0F1D98AB3A00C3C54A /* CopyFiles */,
			);
			buildRules = (
			);
			dependencies = (
			);
			name = Flyweight;
			productName = Flyweight;
			productReference = FADDEA111D98AB3A00C3C54A /* Flyweight */;
			productType = "com.apple.product-type.tool";
		};
/* End PBXNativeTarget section */

/* Begin PBXProject section */
		FADDEA091D98AB3A00C3C54A /* Project object */ = {
			isa = PBXProject;
			attributes = {
				LastUpgradeCheck = 0730;
				ORGANIZATIONNAME = Alex;
				TargetAttributes = {
					FADDEA101D98AB3A00C3C54A = {
						CreatedOnToolsVersion = 7.3.1;
					};
				};
			};
			buildConfigurationList = FADDEA0C1D98AB3A00C3C54A /* Build configuration list for PBXProject "Flyweight" */;
			compatibilityVersion = "Xcode 3.2";
			developmentRegion = English;
			hasScannedForEncodings = 0;
			knownRegions = (
				en,
			);
			mainGroup = FADDEA081D98AB3A00C3C54A;
			productRefGroup = FADDEA121D98AB3A00C3C54A /* Products */;
			projectDirPath = "";
			projectRoot = "";
			targets = (
				FADDEA101D98AB3A00C3C54A /* Flyweight */,
			);
		};
/* End PBXProject section */

/* Begin PBXSourcesBuildPhase section */
		FADDEA0D1D98AB3A00C3C54A /* Sources */ = {
			isa = PBXSourcesBuildPhase;
			buildActionMask = 2147483647;
			files = (
				FADDEA231D98AC4200C3C54A /* FlyweightFactory.m in Sources */,
				FADDEA151D98AB3A00C3C54A /* main.m in Sources */,
				FADDEA201D98ABA500C3C54A /* ConcreateFlyweight.m in Sources */,
				FADDEA261D98AFDC00C3C54A /* UnsharedConcreteFlyweight.m in Sources */,
				FADDEA1D1D98AB4C00C3C54A /* Flyweight.m in Sources */,
			);
			runOnlyForDeploymentPostprocessing = 0;
		};
/* End PBXSourcesBuildPhase section */

/* Begin XCBuildConfiguration section */
		FADDEA161D98AB3A00C3C54A /* Debug */ = {
			isa = XCBuildConfiguration;
			buildSettings = {
				ALWAYS_SEARCH_USER_PATHS = NO;
				CLANG_ANALYZER_NONNULL = YES;
				CLANG_CXX_LANGUAGE_STANDARD = "gnu++0x";
				CLANG_CXX_LIBRARY = "libc++";
				CLANG_ENABLE_MODULES = YES;
				CLANG_ENABLE_OBJC_ARC = YES;
				CLANG_WARN_BOOL_CONVERSION = YES;
				CLANG_WARN_CONSTANT_CONVERSION = YES;
				CLANG_WARN_DIRECT_OBJC_ISA_USAGE = YES_ERROR;
				CLANG_WARN_EMPTY_BODY = YES;
				CLANG_WARN_ENUM_CONVERSION = YES;
				CLANG_WARN_INT_CONVERSION = YES;
				CLANG_WARN_OBJC_ROOT_CLASS = YES_ERROR;
				CLANG_WARN_UNREACHABLE_CODE = YES;
				CLANG_WARN__DUPLICATE_METHOD_MATCH = YES;
				CODE_SIGN_IDENTITY = "-";
				COPY_PHASE_STRIP = NO;
				DEBUG_INFORMATION_FORMAT = dwarf;
				ENABLE_STRICT_OBJC_MSGSEND = YES;
				ENABLE_TESTABILITY = YES;
				GCC_C_LANGUAGE_STANDARD = gnu99;
				GCC_DYNAMIC_NO_PIC = NO;
				GCC_NO_COMMON_BLOCKS = YES;
				GCC_OPTIMIZATION_LEVEL = 0;
				GCC_PREPROCESSOR_DEFINITIONS = (
					"DEBUG=1",
					"$(inherited)",
				);
				GCC_WARN_64_TO_32_BIT_CONVERSION = YES;
				GCC_WARN_ABOUT_RETURN_TYPE = YES_ERROR;
				GCC_WARN_UNDECLARED_SELECTOR = YES;
				GCC_WARN_UNINITIALIZED_AUTOS = YES_AGGRESSIVE;
				GCC_WARN_UNUSED_FUNCTION = YES;
				GCC_WARN_UNUSED_VARIABLE = YES;
				MACOSX_DEPLOYMENT_TARGET = 10.11;
				MTL_ENABLE_DEBUG_INFO = YES;
				ONLY_ACTIVE_ARCH = YES;
				SDKROOT = macosx;
			};
			name = Debug;
		};
		FADDEA171D98AB3A00C3C54A /* Release */ = {
			isa = XCBuildConfiguration;
			buildSettings = {
				ALWAYS_SEARCH_USER_PATHS = NO;
				CLANG_ANALYZER_NONNULL = YES;
				CLANG_CXX_LANGUAGE_STANDARD = "gnu++0x";
				CLANG_CXX_LIBRARY = "libc++";
				CLANG_ENABLE_MODULES = YES;
				CLANG_ENABLE_OBJC_ARC = YES;
				CLANG_WARN_BOOL_CONVERSION = YES;
				CLANG_WARN_CONSTANT_CONVERSION = YES;
				CLANG_WARN_DIRECT_OBJC_ISA_USAGE = YES_ERROR;
				CLANG_WARN_EMPTY_BODY = YES;
				CLANG_WARN_ENUM_CONVERSION = YES;
				CLANG_WARN_INT_CONVERSION = YES;
				CLANG_WARN_OBJC_ROOT_CLASS = YES_ERROR;
				CLANG_WARN_UNREACHABLE_CODE = YES;
				CLANG_WARN__DUPLICATE_METHOD_MATCH = YES;
				CODE_SIGN_IDENTITY = "-";
				COPY_PHASE_STRIP = NO;
				DEBUG_INFORMATION_FORMAT = "dwarf-with-dsym";
				ENABLE_NS_ASSERTIONS = NO;
				ENABLE_STRICT_OBJC_MSGSEND = YES;
				GCC_C_LANGUAGE_STANDARD = gnu99;
				GCC_NO_COMMON_BLOCKS = YES;
				GCC_WARN_64_TO_32_BIT_CONVERSION = YES;
				GCC_WARN_ABOUT_RETURN_TYPE = YES_ERROR;
				GCC_WARN_UNDECLARED_SELECTOR = YES;
				GCC_WARN_UNINITIALIZED_AUTOS = YES_AGGRESSIVE;
				GCC_WARN_UNUSED_FUNCTION = YES;
				GCC_WARN_UNUSED_VARIABLE = YES;
				MACOSX_DEPLOYMENT_TARGET = 10.11;
				MTL_ENABLE_DEBUG_INFO = NO;
				SDKROOT = macosx;
			};
			name = Release;
		};
		FADDEA191D98AB3A00C3C54A /* Debug */ = {
			isa = XCBuildConfiguration;
			buildSettings = {
				PRODUCT_NAME = "$(TARGET_NAME)";
			};
			name = Debug;
		};
		FADDEA1A1D98AB3A00C3C54A /* Release */ = {
			isa = XCBuildConfiguration;
			buildSettings = {
				PRODUCT_NAME = "$(TARGET_NAME)";
			};
			name = Release;
		};
/* End XCBuildConfiguration section */

/* Begin XCConfigurationList section */
		FADDEA0C1D98AB3A00C3C54A /* Build configuration list for PBXProject "Flyweight" */ = {
			isa = XCConfigurationList;
			buildConfigurations = (
				FADDEA161D98AB3A00C3C54A /* Debug */,
				FADDEA171D98AB3A00C3C54A /* Release */,
			);
			defaultConfigurationIsVisible = 0;
			defaultConfigurationName = Release;
		};
		FADDEA181D98AB3A00C3C54A /* Build configuration list for PBXNativeTarget "Flyweight" */ = {
			isa = XCConfigurationList;
			buildConfigurations = (
				FADDEA191D98AB3A00C3C54A /* Debug */,
				FADDEA1A1D98AB3A00C3C54A /* Release */,
			);
			defaultConfigurationIsVisible = 0;
		};
/* End XCConfigurationList section */
	};
	rootObject = FADDEA091D98AB3A00C3C54A /* Project object */;
}
