// !$*UTF8*$!
{
	archiveVersion = 1;
	classes = {
	};
	objectVersion = 46;
	objects = {

/* Begin PBXBuildFile section */
		FA7751241D9B4E3B009F5264 /* main.m in Sources */ = {isa = PBXBuildFile; fileRef = FA7751231D9B4E3B009F5264 /* main.m */; };
		FA77512C1D9B4E53009F5264 /* ICommand.m in Sources */ = {isa = PBXBuildFile; fileRef = FA77512B1D9B4E53009F5264 /* ICommand.m */; };
		FA77512F1D9B4E8C009F5264 /* CommandOpen.m in Sources */ = {isa = PBXBuildFile; fileRef = FA77512E1D9B4E8C009F5264 /* CommandOpen.m */; };
		FA7751321D9B4F14009F5264 /* CommandClose.m in Sources */ = {isa = PBXBuildFile; fileRef = FA7751311D9B4F14009F5264 /* CommandClose.m */; };
		FA7751351D9B4F48009F5264 /* CommandChangeChannel.m in Sources */ = {isa = PBXBuildFile; fileRef = FA7751341D9B4F48009F5264 /* CommandChangeChannel.m */; };
		FA7751381D9B4FA6009F5264 /* TVObject.m in Sources */ = {isa = PBXBuildFile; fileRef = FA7751371D9B4FA6009F5264 /* TVObject.m */; };
		FA77513B1D9B5028009F5264 /* InvokeControlObj.m in Sources */ = {isa = PBXBuildFile; fileRef = FA77513A1D9B5028009F5264 /* InvokeControlObj.m */; };
/* End PBXBuildFile section */

/* Begin PBXCopyFilesBuildPhase section */
		FA77511E1D9B4E3B009F5264 /* CopyFiles */ = {
			isa = PBXCopyFilesBuildPhase;
			buildActionMask = 2147483647;
			dstPath = /usr/share/man/man1/;
			dstSubfolderSpec = 0;
			files = (
			);
			runOnlyForDeploymentPostprocessing = 1;
		};
/* End PBXCopyFilesBuildPhase section */

/* Begin PBXFileReference section */
		FA7751201D9B4E3B009F5264 /* Command */ = {isa = PBXFileReference; explicitFileType = "compiled.mach-o.executable"; includeInIndex = 0; path = Command; sourceTree = BUILT_PRODUCTS_DIR; };
		FA7751231D9B4E3B009F5264 /* main.m */ = {isa = PBXFileReference; lastKnownFileType = sourcecode.c.objc; path = main.m; sourceTree = "<group>"; };
		FA77512A1D9B4E53009F5264 /* ICommand.h */ = {isa = PBXFileReference; fileEncoding = 4; lastKnownFileType = sourcecode.c.h; path = ICommand.h; sourceTree = "<group>"; };
		FA77512B1D9B4E53009F5264 /* ICommand.m */ = {isa = PBXFileReference; fileEncoding = 4; lastKnownFileType = sourcecode.c.objc; path = ICommand.m; sourceTree = "<group>"; };
		FA77512D1D9B4E8C009F5264 /* CommandOpen.h */ = {isa = PBXFileReference; fileEncoding = 4; lastKnownFileType = sourcecode.c.h; path = CommandOpen.h; sourceTree = "<group>"; };
		FA77512E1D9B4E8C009F5264 /* CommandOpen.m */ = {isa = PBXFileReference; fileEncoding = 4; lastKnownFileType = sourcecode.c.objc; path = CommandOpen.m; sourceTree = "<group>"; };
		FA7751301D9B4F14009F5264 /* CommandClose.h */ = {isa = PBXFileReference; fileEncoding = 4; lastKnownFileType = sourcecode.c.h; path = CommandClose.h; sourceTree = "<group>"; };
		FA7751311D9B4F14009F5264 /* CommandClose.m */ = {isa = PBXFileReference; fileEncoding = 4; lastKnownFileType = sourcecode.c.objc; path = CommandClose.m; sourceTree = "<group>"; };
		FA7751331D9B4F48009F5264 /* CommandChangeChannel.h */ = {isa = PBXFileReference; fileEncoding = 4; lastKnownFileType = sourcecode.c.h; path = CommandChangeChannel.h; sourceTree = "<group>"; };
		FA7751341D9B4F48009F5264 /* CommandChangeChannel.m */ = {isa = PBXFileReference; fileEncoding = 4; lastKnownFileType = sourcecode.c.objc; path = CommandChangeChannel.m; sourceTree = "<group>"; };
		FA7751361D9B4FA6009F5264 /* TVObject.h */ = {isa = PBXFileReference; fileEncoding = 4; lastKnownFileType = sourcecode.c.h; path = TVObject.h; sourceTree = "<group>"; };
		FA7751371D9B4FA6009F5264 /* TVObject.m */ = {isa = PBXFileReference; fileEncoding = 4; lastKnownFileType = sourcecode.c.objc; path = TVObject.m; sourceTree = "<group>"; };
		FA7751391D9B5028009F5264 /* InvokeControlObj.h */ = {isa = PBXFileReference; fileEncoding = 4; lastKnownFileType = sourcecode.c.h; path = InvokeControlObj.h; sourceTree = "<group>"; };
		FA77513A1D9B5028009F5264 /* InvokeControlObj.m */ = {isa = PBXFileReference; fileEncoding = 4; lastKnownFileType = sourcecode.c.objc; path = InvokeControlObj.m; sourceTree = "<group>"; };
/* End PBXFileReference section */

/* Begin PBXFrameworksBuildPhase section */
		FA77511D1D9B4E3B009F5264 /* Frameworks */ = {
			isa = PBXFrameworksBuildPhase;
			buildActionMask = 2147483647;
			files = (
			);
			runOnlyForDeploymentPostprocessing = 0;
		};
/* End PBXFrameworksBuildPhase section */

/* Begin PBXGroup section */
		FA7751171D9B4E3B009F5264 = {
			isa = PBXGroup;
			children = (
				FA7751221D9B4E3B009F5264 /* Command */,
				FA7751211D9B4E3B009F5264 /* Products */,
			);
			sourceTree = "<group>";
		};
		FA7751211D9B4E3B009F5264 /* Products */ = {
			isa = PBXGroup;
			children = (
				FA7751201D9B4E3B009F5264 /* Command */,
			);
			name = Products;
			sourceTree = "<group>";
		};
		FA7751221D9B4E3B009F5264 /* Command */ = {
			isa = PBXGroup;
			children = (
				FA7751231D9B4E3B009F5264 /* main.m */,
				FA7751361D9B4FA6009F5264 /* TVObject.h */,
				FA7751371D9B4FA6009F5264 /* TVObject.m */,
				FA77512A1D9B4E53009F5264 /* ICommand.h */,
				FA77512B1D9B4E53009F5264 /* ICommand.m */,
				FA77512D1D9B4E8C009F5264 /* CommandOpen.h */,
				FA77512E1D9B4E8C009F5264 /* CommandOpen.m */,
				FA7751301D9B4F14009F5264 /* CommandClose.h */,
				FA7751311D9B4F14009F5264 /* CommandClose.m */,
				FA7751331D9B4F48009F5264 /* CommandChangeChannel.h */,
				FA7751341D9B4F48009F5264 /* CommandChangeChannel.m */,
				FA7751391D9B5028009F5264 /* InvokeControlObj.h */,
				FA77513A1D9B5028009F5264 /* InvokeControlObj.m */,
			);
			path = Command;
			sourceTree = "<group>";
		};
/* End PBXGroup section */

/* Begin PBXNativeTarget section */
		FA77511F1D9B4E3B009F5264 /* Command */ = {
			isa = PBXNativeTarget;
			buildConfigurationList = FA7751271D9B4E3B009F5264 /* Build configuration list for PBXNativeTarget "Command" */;
			buildPhases = (
				FA77511C1D9B4E3B009F5264 /* Sources */,
				FA77511D1D9B4E3B009F5264 /* Frameworks */,
				FA77511E1D9B4E3B009F5264 /* CopyFiles */,
			);
			buildRules = (
			);
			dependencies = (
			);
			name = Command;
			productName = Command;
			productReference = FA7751201D9B4E3B009F5264 /* Command */;
			productType = "com.apple.product-type.tool";
		};
/* End PBXNativeTarget section */

/* Begin PBXProject section */
		FA7751181D9B4E3B009F5264 /* Project object */ = {
			isa = PBXProject;
			attributes = {
				LastUpgradeCheck = 0730;
				ORGANIZATIONNAME = Alex;
				TargetAttributes = {
					FA77511F1D9B4E3B009F5264 = {
						CreatedOnToolsVersion = 7.3.1;
					};
				};
			};
			buildConfigurationList = FA77511B1D9B4E3B009F5264 /* Build configuration list for PBXProject "Command" */;
			compatibilityVersion = "Xcode 3.2";
			developmentRegion = English;
			hasScannedForEncodings = 0;
			knownRegions = (
				en,
			);
			mainGroup = FA7751171D9B4E3B009F5264;
			productRefGroup = FA7751211D9B4E3B009F5264 /* Products */;
			projectDirPath = "";
			projectRoot = "";
			targets = (
				FA77511F1D9B4E3B009F5264 /* Command */,
			);
		};
/* End PBXProject section */

/* Begin PBXSourcesBuildPhase section */
		FA77511C1D9B4E3B009F5264 /* Sources */ = {
			isa = PBXSourcesBuildPhase;
			buildActionMask = 2147483647;
			files = (
				FA7751381D9B4FA6009F5264 /* TVObject.m in Sources */,
				FA7751241D9B4E3B009F5264 /* main.m in Sources */,
				FA77512C1D9B4E53009F5264 /* ICommand.m in Sources */,
				FA7751321D9B4F14009F5264 /* CommandClose.m in Sources */,
				FA77512F1D9B4E8C009F5264 /* CommandOpen.m in Sources */,
				FA77513B1D9B5028009F5264 /* InvokeControlObj.m in Sources */,
				FA7751351D9B4F48009F5264 /* CommandChangeChannel.m in Sources */,
			);
			runOnlyForDeploymentPostprocessing = 0;
		};
/* End PBXSourcesBuildPhase section */

/* Begin XCBuildConfiguration section */
		FA7751251D9B4E3B009F5264 /* Debug */ = {
			isa = XCBuildConfiguration;
			buildSettings = {
				ALWAYS_SEARCH_USER_PATHS = NO;
				CLANG_ANALYZER_NONNULL = YES;
				CLANG_CXX_LANGUAGE_STANDARD = "gnu++0x";
				CLANG_CXX_LIBRARY = "libc++";
				CLANG_ENABLE_MODULES = YES;
				CLANG_ENABLE_OBJC_ARC = YES;
				CLANG_WARN_BOOL_CONVERSION = YES;
				CLANG_WARN_CONSTANT_CONVERSION = YES;
				CLANG_WARN_DIRECT_OBJC_ISA_USAGE = YES_ERROR;
				CLANG_WARN_EMPTY_BODY = YES;
				CLANG_WARN_ENUM_CONVERSION = YES;
				CLANG_WARN_INT_CONVERSION = YES;
				CLANG_WARN_OBJC_ROOT_CLASS = YES_ERROR;
				CLANG_WARN_UNREACHABLE_CODE = YES;
				CLANG_WARN__DUPLICATE_METHOD_MATCH = YES;
				CODE_SIGN_IDENTITY = "-";
				COPY_PHASE_STRIP = NO;
				DEBUG_INFORMATION_FORMAT = dwarf;
				ENABLE_STRICT_OBJC_MSGSEND = YES;
				ENABLE_TESTABILITY = YES;
				GCC_C_LANGUAGE_STANDARD = gnu99;
				GCC_DYNAMIC_NO_PIC = NO;
				GCC_NO_COMMON_BLOCKS = YES;
				GCC_OPTIMIZATION_LEVEL = 0;
				GCC_PREPROCESSOR_DEFINITIONS = (
					"DEBUG=1",
					"$(inherited)",
				);
				GCC_WARN_64_TO_32_BIT_CONVERSION = YES;
				GCC_WARN_ABOUT_RETURN_TYPE = YES_ERROR;
				GCC_WARN_UNDECLARED_SELECTOR = YES;
				GCC_WARN_UNINITIALIZED_AUTOS = YES_AGGRESSIVE;
				GCC_WARN_UNUSED_FUNCTION = YES;
				GCC_WARN_UNUSED_VARIABLE = YES;
				MACOSX_DEPLOYMENT_TARGET = 10.11;
				MTL_ENABLE_DEBUG_INFO = YES;
				ONLY_ACTIVE_ARCH = YES;
				SDKROOT = macosx;
			};
			name = Debug;
		};
		FA7751261D9B4E3B009F5264 /* Release */ = {
			isa = XCBuildConfiguration;
			buildSettings = {
				ALWAYS_SEARCH_USER_PATHS = NO;
				CLANG_ANALYZER_NONNULL = YES;
				CLANG_CXX_LANGUAGE_STANDARD = "gnu++0x";
				CLANG_CXX_LIBRARY = "libc++";
				CLANG_ENABLE_MODULES = YES;
				CLANG_ENABLE_OBJC_ARC = YES;
				CLANG_WARN_BOOL_CONVERSION = YES;
				CLANG_WARN_CONSTANT_CONVERSION = YES;
				CLANG_WARN_DIRECT_OBJC_ISA_USAGE = YES_ERROR;
				CLANG_WARN_EMPTY_BODY = YES;
				CLANG_WARN_ENUM_CONVERSION = YES;
				CLANG_WARN_INT_CONVERSION = YES;
				CLANG_WARN_OBJC_ROOT_CLASS = YES_ERROR;
				CLANG_WARN_UNREACHABLE_CODE = YES;
				CLANG_WARN__DUPLICATE_METHOD_MATCH = YES;
				CODE_SIGN_IDENTITY = "-";
				COPY_PHASE_STRIP = NO;
				DEBUG_INFORMATION_FORMAT = "dwarf-with-dsym";
				ENABLE_NS_ASSERTIONS = NO;
				ENABLE_STRICT_OBJC_MSGSEND = YES;
				GCC_C_LANGUAGE_STANDARD = gnu99;
				GCC_NO_COMMON_BLOCKS = YES;
				GCC_WARN_64_TO_32_BIT_CONVERSION = YES;
				GCC_WARN_ABOUT_RETURN_TYPE = YES_ERROR;
				GCC_WARN_UNDECLARED_SELECTOR = YES;
				GCC_WARN_UNINITIALIZED_AUTOS = YES_AGGRESSIVE;
				GCC_WARN_UNUSED_FUNCTION = YES;
				GCC_WARN_UNUSED_VARIABLE = YES;
				MACOSX_DEPLOYMENT_TARGET = 10.11;
				MTL_ENABLE_DEBUG_INFO = NO;
				SDKROOT = macosx;
			};
			name = Release;
		};
		FA7751281D9B4E3B009F5264 /* Debug */ = {
			isa = XCBuildConfiguration;
			buildSettings = {
				PRODUCT_NAME = "$(TARGET_NAME)";
			};
			name = Debug;
		};
		FA7751291D9B4E3B009F5264 /* Release */ = {
			isa = XCBuildConfiguration;
			buildSettings = {
				PRODUCT_NAME = "$(TARGET_NAME)";
			};
			name = Release;
		};
/* End XCBuildConfiguration section */

/* Begin XCConfigurationList section */
		FA77511B1D9B4E3B009F5264 /* Build configuration list for PBXProject "Command" */ = {
			isa = XCConfigurationList;
			buildConfigurations = (
				FA7751251D9B4E3B009F5264 /* Debug */,
				FA7751261D9B4E3B009F5264 /* Release */,
			);
			defaultConfigurationIsVisible = 0;
			defaultConfigurationName = Release;
		};
		FA7751271D9B4E3B009F5264 /* Build configuration list for PBXNativeTarget "Command" */ = {
			isa = XCConfigurationList;
			buildConfigurations = (
				FA7751281D9B4E3B009F5264 /* Debug */,
				FA7751291D9B4E3B009F5264 /* Release */,
			);
			defaultConfigurationIsVisible = 0;
		};
/* End XCConfigurationList section */
	};
	rootObject = FA7751181D9B4E3B009F5264 /* Project object */;
}
