// !$*UTF8*$!
{
	archiveVersion = 1;
	classes = {
	};
	objectVersion = 46;
	objects = {

/* Begin PBXBuildFile section */
		FA5FA4E61DB0796400BF3C3F /* main.m in Sources */ = {isa = PBXBuildFile; fileRef = FA5FA4E11DB0796400BF3C3F /* main.m */; };
		FA5FA4E71DB0796400BF3C3F /* subSystem.m in Sources */ = {isa = PBXBuildFile; fileRef = FA5FA4E31DB0796400BF3C3F /* subSystem.m */; };
		FA5FA4E81DB0796400BF3C3F /* SwitchFacede.m in Sources */ = {isa = PBXBuildFile; fileRef = FA5FA4E51DB0796400BF3C3F /* SwitchFacede.m */; };
/* End PBXBuildFile section */

/* Begin PBXCopyFilesBuildPhase section */
		FA245AE21D94B78600073DB7 /* CopyFiles */ = {
			isa = PBXCopyFilesBuildPhase;
			buildActionMask = 2147483647;
			dstPath = /usr/share/man/man1/;
			dstSubfolderSpec = 0;
			files = (
			);
			runOnlyForDeploymentPostprocessing = 1;
		};
/* End PBXCopyFilesBuildPhase section */

/* Begin PBXFileReference section */
		FA245AE41D94B78600073DB7 /* Facede */ = {isa = PBXFileReference; explicitFileType = "compiled.mach-o.executable"; includeInIndex = 0; path = Facede; sourceTree = BUILT_PRODUCTS_DIR; };
		FA5FA4E11DB0796400BF3C3F /* main.m */ = {isa = PBXFileReference; fileEncoding = 4; lastKnownFileType = sourcecode.c.objc; path = main.m; sourceTree = "<group>"; };
		FA5FA4E21DB0796400BF3C3F /* subSystem.h */ = {isa = PBXFileReference; fileEncoding = 4; lastKnownFileType = sourcecode.c.h; path = subSystem.h; sourceTree = "<group>"; };
		FA5FA4E31DB0796400BF3C3F /* subSystem.m */ = {isa = PBXFileReference; fileEncoding = 4; lastKnownFileType = sourcecode.c.objc; path = subSystem.m; sourceTree = "<group>"; };
		FA5FA4E41DB0796400BF3C3F /* SwitchFacede.h */ = {isa = PBXFileReference; fileEncoding = 4; lastKnownFileType = sourcecode.c.h; path = SwitchFacede.h; sourceTree = "<group>"; };
		FA5FA4E51DB0796400BF3C3F /* SwitchFacede.m */ = {isa = PBXFileReference; fileEncoding = 4; lastKnownFileType = sourcecode.c.objc; path = SwitchFacede.m; sourceTree = "<group>"; };
/* End PBXFileReference section */

/* Begin PBXFrameworksBuildPhase section */
		FA245AE11D94B78600073DB7 /* Frameworks */ = {
			isa = PBXFrameworksBuildPhase;
			buildActionMask = 2147483647;
			files = (
			);
			runOnlyForDeploymentPostprocessing = 0;
		};
/* End PBXFrameworksBuildPhase section */

/* Begin PBXGroup section */
		FA245ADB1D94B78600073DB7 = {
			isa = PBXGroup;
			children = (
				FA5FA4E01DB0796400BF3C3F /* Facede */,
				FA245AE51D94B78600073DB7 /* Products */,
			);
			sourceTree = "<group>";
		};
		FA245AE51D94B78600073DB7 /* Products */ = {
			isa = PBXGroup;
			children = (
				FA245AE41D94B78600073DB7 /* Facede */,
			);
			name = Products;
			sourceTree = "<group>";
		};
		FA5FA4E01DB0796400BF3C3F /* Facede */ = {
			isa = PBXGroup;
			children = (
				FA5FA4E11DB0796400BF3C3F /* main.m */,
				FA5FA4E21DB0796400BF3C3F /* subSystem.h */,
				FA5FA4E31DB0796400BF3C3F /* subSystem.m */,
				FA5FA4E41DB0796400BF3C3F /* SwitchFacede.h */,
				FA5FA4E51DB0796400BF3C3F /* SwitchFacede.m */,
			);
			path = Facede;
			sourceTree = "<group>";
		};
/* End PBXGroup section */

/* Begin PBXNativeTarget section */
		FA245AE31D94B78600073DB7 /* Facede */ = {
			isa = PBXNativeTarget;
			buildConfigurationList = FA245AEB1D94B78600073DB7 /* Build configuration list for PBXNativeTarget "Facede" */;
			buildPhases = (
				FA245AE01D94B78600073DB7 /* Sources */,
				FA245AE11D94B78600073DB7 /* Frameworks */,
				FA245AE21D94B78600073DB7 /* CopyFiles */,
			);
			buildRules = (
			);
			dependencies = (
			);
			name = Facede;
			productName = Facede;
			productReference = FA245AE41D94B78600073DB7 /* Facede */;
			productType = "com.apple.product-type.tool";
		};
/* End PBXNativeTarget section */

/* Begin PBXProject section */
		FA245ADC1D94B78600073DB7 /* Project object */ = {
			isa = PBXProject;
			attributes = {
				LastUpgradeCheck = 0730;
				ORGANIZATIONNAME = Alex;
				TargetAttributes = {
					FA245AE31D94B78600073DB7 = {
						CreatedOnToolsVersion = 7.3.1;
					};
				};
			};
			buildConfigurationList = FA245ADF1D94B78600073DB7 /* Build configuration list for PBXProject "Facede" */;
			compatibilityVersion = "Xcode 3.2";
			developmentRegion = English;
			hasScannedForEncodings = 0;
			knownRegions = (
				en,
			);
			mainGroup = FA245ADB1D94B78600073DB7;
			productRefGroup = FA245AE51D94B78600073DB7 /* Products */;
			projectDirPath = "";
			projectRoot = "";
			targets = (
				FA245AE31D94B78600073DB7 /* Facede */,
			);
		};
/* End PBXProject section */

/* Begin PBXSourcesBuildPhase section */
		FA245AE01D94B78600073DB7 /* Sources */ = {
			isa = PBXSourcesBuildPhase;
			buildActionMask = 2147483647;
			files = (
				FA5FA4E61DB0796400BF3C3F /* main.m in Sources */,
				FA5FA4E81DB0796400BF3C3F /* SwitchFacede.m in Sources */,
				FA5FA4E71DB0796400BF3C3F /* subSystem.m in Sources */,
			);
			runOnlyForDeploymentPostprocessing = 0;
		};
/* End PBXSourcesBuildPhase section */

/* Begin XCBuildConfiguration section */
		FA245AE91D94B78600073DB7 /* Debug */ = {
			isa = XCBuildConfiguration;
			buildSettings = {
				ALWAYS_SEARCH_USER_PATHS = NO;
				CLANG_ANALYZER_NONNULL = YES;
				CLANG_CXX_LANGUAGE_STANDARD = "gnu++0x";
				CLANG_CXX_LIBRARY = "libc++";
				CLANG_ENABLE_MODULES = YES;
				CLANG_ENABLE_OBJC_ARC = YES;
				CLANG_WARN_BOOL_CONVERSION = YES;
				CLANG_WARN_CONSTANT_CONVERSION = YES;
				CLANG_WARN_DIRECT_OBJC_ISA_USAGE = YES_ERROR;
				CLANG_WARN_EMPTY_BODY = YES;
				CLANG_WARN_ENUM_CONVERSION = YES;
				CLANG_WARN_INT_CONVERSION = YES;
				CLANG_WARN_OBJC_ROOT_CLASS = YES_ERROR;
				CLANG_WARN_UNREACHABLE_CODE = YES;
				CLANG_WARN__DUPLICATE_METHOD_MATCH = YES;
				CODE_SIGN_IDENTITY = "-";
				COPY_PHASE_STRIP = NO;
				DEBUG_INFORMATION_FORMAT = dwarf;
				ENABLE_STRICT_OBJC_MSGSEND = YES;
				ENABLE_TESTABILITY = YES;
				GCC_C_LANGUAGE_STANDARD = gnu99;
				GCC_DYNAMIC_NO_PIC = NO;
				GCC_NO_COMMON_BLOCKS = YES;
				GCC_OPTIMIZATION_LEVEL = 0;
				GCC_PREPROCESSOR_DEFINITIONS = (
					"DEBUG=1",
					"$(inherited)",
				);
				GCC_WARN_64_TO_32_BIT_CONVERSION = YES;
				GCC_WARN_ABOUT_RETURN_TYPE = YES_ERROR;
				GCC_WARN_UNDECLARED_SELECTOR = YES;
				GCC_WARN_UNINITIALIZED_AUTOS = YES_AGGRESSIVE;
				GCC_WARN_UNUSED_FUNCTION = YES;
				GCC_WARN_UNUSED_VARIABLE = YES;
				MACOSX_DEPLOYMENT_TARGET = 10.11;
				MTL_ENABLE_DEBUG_INFO = YES;
				ONLY_ACTIVE_ARCH = YES;
				SDKROOT = macosx;
			};
			name = Debug;
		};
		FA245AEA1D94B78600073DB7 /* Release */ = {
			isa = XCBuildConfiguration;
			buildSettings = {
				ALWAYS_SEARCH_USER_PATHS = NO;
				CLANG_ANALYZER_NONNULL = YES;
				CLANG_CXX_LANGUAGE_STANDARD = "gnu++0x";
				CLANG_CXX_LIBRARY = "libc++";
				CLANG_ENABLE_MODULES = YES;
				CLANG_ENABLE_OBJC_ARC = YES;
				CLANG_WARN_BOOL_CONVERSION = YES;
				CLANG_WARN_CONSTANT_CONVERSION = YES;
				CLANG_WARN_DIRECT_OBJC_ISA_USAGE = YES_ERROR;
				CLANG_WARN_EMPTY_BODY = YES;
				CLANG_WARN_ENUM_CONVERSION = YES;
				CLANG_WARN_INT_CONVERSION = YES;
				CLANG_WARN_OBJC_ROOT_CLASS = YES_ERROR;
				CLANG_WARN_UNREACHABLE_CODE = YES;
				CLANG_WARN__DUPLICATE_METHOD_MATCH = YES;
				CODE_SIGN_IDENTITY = "-";
				COPY_PHASE_STRIP = NO;
				DEBUG_INFORMATION_FORMAT = "dwarf-with-dsym";
				ENABLE_NS_ASSERTIONS = NO;
				ENABLE_STRICT_OBJC_MSGSEND = YES;
				GCC_C_LANGUAGE_STANDARD = gnu99;
				GCC_NO_COMMON_BLOCKS = YES;
				GCC_WARN_64_TO_32_BIT_CONVERSION = YES;
				GCC_WARN_ABOUT_RETURN_TYPE = YES_ERROR;
				GCC_WARN_UNDECLARED_SELECTOR = YES;
				GCC_WARN_UNINITIALIZED_AUTOS = YES_AGGRESSIVE;
				GCC_WARN_UNUSED_FUNCTION = YES;
				GCC_WARN_UNUSED_VARIABLE = YES;
				MACOSX_DEPLOYMENT_TARGET = 10.11;
				MTL_ENABLE_DEBUG_INFO = NO;
				SDKROOT = macosx;
			};
			name = Release;
		};
		FA245AEC1D94B78600073DB7 /* Debug */ = {
			isa = XCBuildConfiguration;
			buildSettings = {
				PRODUCT_NAME = "$(TARGET_NAME)";
			};
			name = Debug;
		};
		FA245AED1D94B78600073DB7 /* Release */ = {
			isa = XCBuildConfiguration;
			buildSettings = {
				PRODUCT_NAME = "$(TARGET_NAME)";
			};
			name = Release;
		};
/* End XCBuildConfiguration section */

/* Begin XCConfigurationList section */
		FA245ADF1D94B78600073DB7 /* Build configuration list for PBXProject "Facede" */ = {
			isa = XCConfigurationList;
			buildConfigurations = (
				FA245AE91D94B78600073DB7 /* Debug */,
				FA245AEA1D94B78600073DB7 /* Release */,
			);
			defaultConfigurationIsVisible = 0;
			defaultConfigurationName = Release;
		};
		FA245AEB1D94B78600073DB7 /* Build configuration list for PBXNativeTarget "Facede" */ = {
			isa = XCConfigurationList;
			buildConfigurations = (
				FA245AEC1D94B78600073DB7 /* Debug */,
				FA245AED1D94B78600073DB7 /* Release */,
			);
			defaultConfigurationIsVisible = 0;
			defaultConfigurationName = Release;
		};
/* End XCConfigurationList section */
	};
	rootObject = FA245ADC1D94B78600073DB7 /* Project object */;
}
